// !$*UTF8*$!
{
	archiveVersion = 1;
	classes = {
	};
	objectVersion = 56;
	objects = {

/* Begin PBXBuildFile section */
		33B358072ADE189E00A91C95 /* ButtonFactory.swift in Sources */ = {isa = PBXBuildFile; fileRef = 33B358062ADE189E00A91C95 /* ButtonFactory.swift */; };
		33B3580A2ADE18D600A91C95 /* LabelFactory.swift in Sources */ = {isa = PBXBuildFile; fileRef = 33B358092ADE18D600A91C95 /* LabelFactory.swift */; };
		33C58E7B2AD84F2C008EB6C2 /* SnapKit in Frameworks */ = {isa = PBXBuildFile; productRef = 33C58E7A2AD84F2C008EB6C2 /* SnapKit */; };
		33C58E7F2AD85024008EB6C2 /* UIViewController+.swift in Sources */ = {isa = PBXBuildFile; fileRef = 33C58E7E2AD85024008EB6C2 /* UIViewController+.swift */; };
		33C58E892AD8B28D008EB6C2 /* ThemeColor.swift in Sources */ = {isa = PBXBuildFile; fileRef = 33C58E882AD8B28D008EB6C2 /* ThemeColor.swift */; };
		33C58E8C2AD8B2B5008EB6C2 /* ThemeFont.swift in Sources */ = {isa = PBXBuildFile; fileRef = 33C58E8B2AD8B2B5008EB6C2 /* ThemeFont.swift */; };
		33C58E8E2AD8B2F6008EB6C2 /* UIColor+.swift in Sources */ = {isa = PBXBuildFile; fileRef = 33C58E8D2AD8B2F6008EB6C2 /* UIColor+.swift */; };
		33C58EA12ADC5392008EB6C2 /* AppConstraint.swift in Sources */ = {isa = PBXBuildFile; fileRef = 33C58EA02ADC5392008EB6C2 /* AppConstraint.swift */; };
		33C58EA32ADC73C9008EB6C2 /* NSAttributedString+.swift in Sources */ = {isa = PBXBuildFile; fileRef = 33C58EA22ADC73C9008EB6C2 /* NSAttributedString+.swift */; };
		3B2BE3012ADE4EAE00BD54CC /* LoginView.swift in Sources */ = {isa = PBXBuildFile; fileRef = 3B2BE3002ADE4EAE00BD54CC /* LoginView.swift */; };
		3B2BE3032ADE4EEF00BD54CC /* LoginViewController.swift in Sources */ = {isa = PBXBuildFile; fileRef = 3B2BE3022ADE4EEF00BD54CC /* LoginViewController.swift */; };
		3B3E35D52ADFA2F1006841D8 /* RegisterViewController.swift in Sources */ = {isa = PBXBuildFile; fileRef = 3B3E35D42ADFA2F1006841D8 /* RegisterViewController.swift */; };
		3B3E35D72AE125A3006841D8 /* RegisterView.swift in Sources */ = {isa = PBXBuildFile; fileRef = 3B3E35D62AE125A3006841D8 /* RegisterView.swift */; };
		562E36812AD80EF9008D99B2 /* AppDelegate.swift in Sources */ = {isa = PBXBuildFile; fileRef = 562E36802AD80EF9008D99B2 /* AppDelegate.swift */; };
		562E36832AD80EF9008D99B2 /* SceneDelegate.swift in Sources */ = {isa = PBXBuildFile; fileRef = 562E36822AD80EF9008D99B2 /* SceneDelegate.swift */; };
		562E36852AD80EF9008D99B2 /* ViewController.swift in Sources */ = {isa = PBXBuildFile; fileRef = 562E36842AD80EF9008D99B2 /* ViewController.swift */; };
		562E36882AD80EF9008D99B2 /* Main.storyboard in Resources */ = {isa = PBXBuildFile; fileRef = 562E36862AD80EF9008D99B2 /* Main.storyboard */; };
		562E368A2AD80EFA008D99B2 /* Assets.xcassets in Resources */ = {isa = PBXBuildFile; fileRef = 562E36892AD80EFA008D99B2 /* Assets.xcassets */; };
		562E368D2AD80EFA008D99B2 /* LaunchScreen.storyboard in Resources */ = {isa = PBXBuildFile; fileRef = 562E368B2AD80EFA008D99B2 /* LaunchScreen.storyboard */; };
		562E36982AD80EFB008D99B2 /* CatcherTests.swift in Sources */ = {isa = PBXBuildFile; fileRef = 562E36972AD80EFB008D99B2 /* CatcherTests.swift */; };
		562E36A22AD80EFB008D99B2 /* CatcherUITests.swift in Sources */ = {isa = PBXBuildFile; fileRef = 562E36A12AD80EFB008D99B2 /* CatcherUITests.swift */; };
		562E36A42AD80EFB008D99B2 /* CatcherUITestsLaunchTests.swift in Sources */ = {isa = PBXBuildFile; fileRef = 562E36A32AD80EFB008D99B2 /* CatcherUITestsLaunchTests.swift */; };
		562E36B12AD8D0EE008D99B2 /* BaseTabBarController.swift in Sources */ = {isa = PBXBuildFile; fileRef = 562E36B02AD8D0EE008D99B2 /* BaseTabBarController.swift */; };
		562E36B32AD8D845008D99B2 /* IntroViewController.swift in Sources */ = {isa = PBXBuildFile; fileRef = 562E36B22AD8D845008D99B2 /* IntroViewController.swift */; };
		562E36B52AD8DB57008D99B2 /* DataManager.swift in Sources */ = {isa = PBXBuildFile; fileRef = 562E36B42AD8DB57008D99B2 /* DataManager.swift */; };
		562E36B72AD8DCAA008D99B2 /* BaseViewController.swift in Sources */ = {isa = PBXBuildFile; fileRef = 562E36B62AD8DCAA008D99B2 /* BaseViewController.swift */; };
		562E36B92AD8DCC5008D99B2 /* BaseHeaderViewController.swift in Sources */ = {isa = PBXBuildFile; fileRef = 562E36B82AD8DCC5008D99B2 /* BaseHeaderViewController.swift */; };
		562E36BB2AD8DD03008D99B2 /* CommonUtil.swift in Sources */ = {isa = PBXBuildFile; fileRef = 562E36BA2AD8DD03008D99B2 /* CommonUtil.swift */; };
		562E36BD2AD9061D008D99B2 /* CommonHeaderView.swift in Sources */ = {isa = PBXBuildFile; fileRef = 562E36BC2AD9061D008D99B2 /* CommonHeaderView.swift */; };
		562E36BF2AD9172B008D99B2 /* CommonHeaderView.xib in Resources */ = {isa = PBXBuildFile; fileRef = 562E36BE2AD9172B008D99B2 /* CommonHeaderView.xib */; };
		562E36C12AD91901008D99B2 /* Common.swift in Sources */ = {isa = PBXBuildFile; fileRef = 562E36C02AD91901008D99B2 /* Common.swift */; };
		56C08B472ADF6B7E00FB8608 /* ChatViewController.swift in Sources */ = {isa = PBXBuildFile; fileRef = 56C08B462ADF6B7E00FB8608 /* ChatViewController.swift */; };
		56C08B502ADF754B00FB8608 /* UIView+.swift in Sources */ = {isa = PBXBuildFile; fileRef = 56C08B4F2ADF754B00FB8608 /* UIView+.swift */; };
		56C08B642ADF805800FB8608 /* MainPageView.swift in Sources */ = {isa = PBXBuildFile; fileRef = 56C08B622ADF805800FB8608 /* MainPageView.swift */; };
		56C08B652ADF805800FB8608 /* MainPageViewController.swift in Sources */ = {isa = PBXBuildFile; fileRef = 56C08B5F2ADF805800FB8608 /* MainPageViewController.swift */; };
		56C08B662ADF805800FB8608 /* SectionHeader.swift in Sources */ = {isa = PBXBuildFile; fileRef = 56C08B5D2ADF805700FB8608 /* SectionHeader.swift */; };
		56C08B672ADF805800FB8608 /* RankSectionCell.swift in Sources */ = {isa = PBXBuildFile; fileRef = 56C08B612ADF805800FB8608 /* RankSectionCell.swift */; };
		56C08B682ADF805800FB8608 /* defaultSectionCell.swift in Sources */ = {isa = PBXBuildFile; fileRef = 56C08B632ADF805800FB8608 /* defaultSectionCell.swift */; };
		56C08B692ADF805800FB8608 /* HomeItem.swift in Sources */ = {isa = PBXBuildFile; fileRef = 56C08B602ADF805800FB8608 /* HomeItem.swift */; };
		56C08B6A2ADF805800FB8608 /* MainPageViewModel.swift in Sources */ = {isa = PBXBuildFile; fileRef = 56C08B5E2ADF805800FB8608 /* MainPageViewModel.swift */; };
		56C08B6E2ADF808400FB8608 /* MenuTableViewCell.swift in Sources */ = {isa = PBXBuildFile; fileRef = 56C08B6C2ADF808400FB8608 /* MenuTableViewCell.swift */; };
		56C08B6F2ADF808400FB8608 /* MyPageViewController.swift in Sources */ = {isa = PBXBuildFile; fileRef = 56C08B6D2ADF808400FB8608 /* MyPageViewController.swift */; };
		56C08B712ADF808B00FB8608 /* AskViewController.swift in Sources */ = {isa = PBXBuildFile; fileRef = 56C08B702ADF808B00FB8608 /* AskViewController.swift */; };
		56C08B742ADF809300FB8608 /* InfoView.swift in Sources */ = {isa = PBXBuildFile; fileRef = 56C08B732ADF809300FB8608 /* InfoView.swift */; };
		56C08B752ADF809300FB8608 /* InfoViewController.swift in Sources */ = {isa = PBXBuildFile; fileRef = 56C08B722ADF809300FB8608 /* InfoViewController.swift */; };
		56C08B772ADF809900FB8608 /* ReportViewController.swift in Sources */ = {isa = PBXBuildFile; fileRef = 56C08B762ADF809900FB8608 /* ReportViewController.swift */; };
/* End PBXBuildFile section */

/* Begin PBXContainerItemProxy section */
		562E36942AD80EFB008D99B2 /* PBXContainerItemProxy */ = {
			isa = PBXContainerItemProxy;
			containerPortal = 562E36752AD80EF9008D99B2 /* Project object */;
			proxyType = 1;
			remoteGlobalIDString = 562E367C2AD80EF9008D99B2;
			remoteInfo = Catcher;
		};
		562E369E2AD80EFB008D99B2 /* PBXContainerItemProxy */ = {
			isa = PBXContainerItemProxy;
			containerPortal = 562E36752AD80EF9008D99B2 /* Project object */;
			proxyType = 1;
			remoteGlobalIDString = 562E367C2AD80EF9008D99B2;
			remoteInfo = Catcher;
		};
/* End PBXContainerItemProxy section */

/* Begin PBXFileReference section */
		33B358062ADE189E00A91C95 /* ButtonFactory.swift */ = {isa = PBXFileReference; lastKnownFileType = sourcecode.swift; path = ButtonFactory.swift; sourceTree = "<group>"; };
		33B358092ADE18D600A91C95 /* LabelFactory.swift */ = {isa = PBXFileReference; lastKnownFileType = sourcecode.swift; path = LabelFactory.swift; sourceTree = "<group>"; };
		33C58E7E2AD85024008EB6C2 /* UIViewController+.swift */ = {isa = PBXFileReference; lastKnownFileType = sourcecode.swift; path = "UIViewController+.swift"; sourceTree = "<group>"; };
		33C58E882AD8B28D008EB6C2 /* ThemeColor.swift */ = {isa = PBXFileReference; lastKnownFileType = sourcecode.swift; path = ThemeColor.swift; sourceTree = "<group>"; };
		33C58E8B2AD8B2B5008EB6C2 /* ThemeFont.swift */ = {isa = PBXFileReference; lastKnownFileType = sourcecode.swift; path = ThemeFont.swift; sourceTree = "<group>"; };
		33C58E8D2AD8B2F6008EB6C2 /* UIColor+.swift */ = {isa = PBXFileReference; lastKnownFileType = sourcecode.swift; path = "UIColor+.swift"; sourceTree = "<group>"; };
		33C58EA02ADC5392008EB6C2 /* AppConstraint.swift */ = {isa = PBXFileReference; lastKnownFileType = sourcecode.swift; path = AppConstraint.swift; sourceTree = "<group>"; };
		33C58EA22ADC73C9008EB6C2 /* NSAttributedString+.swift */ = {isa = PBXFileReference; lastKnownFileType = sourcecode.swift; path = "NSAttributedString+.swift"; sourceTree = "<group>"; };
		3B2BE3002ADE4EAE00BD54CC /* LoginView.swift */ = {isa = PBXFileReference; lastKnownFileType = sourcecode.swift; path = LoginView.swift; sourceTree = "<group>"; };
		3B2BE3022ADE4EEF00BD54CC /* LoginViewController.swift */ = {isa = PBXFileReference; lastKnownFileType = sourcecode.swift; path = LoginViewController.swift; sourceTree = "<group>"; };
		3B3E35D42ADFA2F1006841D8 /* RegisterViewController.swift */ = {isa = PBXFileReference; lastKnownFileType = sourcecode.swift; path = RegisterViewController.swift; sourceTree = "<group>"; };
		3B3E35D62AE125A3006841D8 /* RegisterView.swift */ = {isa = PBXFileReference; lastKnownFileType = sourcecode.swift; path = RegisterView.swift; sourceTree = "<group>"; };
		562E367D2AD80EF9008D99B2 /* Catcher.app */ = {isa = PBXFileReference; explicitFileType = wrapper.application; includeInIndex = 0; path = Catcher.app; sourceTree = BUILT_PRODUCTS_DIR; };
		562E36802AD80EF9008D99B2 /* AppDelegate.swift */ = {isa = PBXFileReference; lastKnownFileType = sourcecode.swift; path = AppDelegate.swift; sourceTree = "<group>"; };
		562E36822AD80EF9008D99B2 /* SceneDelegate.swift */ = {isa = PBXFileReference; lastKnownFileType = sourcecode.swift; path = SceneDelegate.swift; sourceTree = "<group>"; };
		562E36842AD80EF9008D99B2 /* ViewController.swift */ = {isa = PBXFileReference; lastKnownFileType = sourcecode.swift; path = ViewController.swift; sourceTree = "<group>"; };
		562E36872AD80EF9008D99B2 /* Base */ = {isa = PBXFileReference; lastKnownFileType = file.storyboard; name = Base; path = Base.lproj/Main.storyboard; sourceTree = "<group>"; };
		562E36892AD80EFA008D99B2 /* Assets.xcassets */ = {isa = PBXFileReference; lastKnownFileType = folder.assetcatalog; path = Assets.xcassets; sourceTree = "<group>"; };
		562E368C2AD80EFA008D99B2 /* Base */ = {isa = PBXFileReference; lastKnownFileType = file.storyboard; name = Base; path = Base.lproj/LaunchScreen.storyboard; sourceTree = "<group>"; };
		562E368E2AD80EFA008D99B2 /* Info.plist */ = {isa = PBXFileReference; lastKnownFileType = text.plist.xml; path = Info.plist; sourceTree = "<group>"; };
		562E36932AD80EFB008D99B2 /* CatcherTests.xctest */ = {isa = PBXFileReference; explicitFileType = wrapper.cfbundle; includeInIndex = 0; path = CatcherTests.xctest; sourceTree = BUILT_PRODUCTS_DIR; };
		562E36972AD80EFB008D99B2 /* CatcherTests.swift */ = {isa = PBXFileReference; lastKnownFileType = sourcecode.swift; path = CatcherTests.swift; sourceTree = "<group>"; };
		562E369D2AD80EFB008D99B2 /* CatcherUITests.xctest */ = {isa = PBXFileReference; explicitFileType = wrapper.cfbundle; includeInIndex = 0; path = CatcherUITests.xctest; sourceTree = BUILT_PRODUCTS_DIR; };
		562E36A12AD80EFB008D99B2 /* CatcherUITests.swift */ = {isa = PBXFileReference; lastKnownFileType = sourcecode.swift; path = CatcherUITests.swift; sourceTree = "<group>"; };
		562E36A32AD80EFB008D99B2 /* CatcherUITestsLaunchTests.swift */ = {isa = PBXFileReference; lastKnownFileType = sourcecode.swift; path = CatcherUITestsLaunchTests.swift; sourceTree = "<group>"; };
		562E36B02AD8D0EE008D99B2 /* BaseTabBarController.swift */ = {isa = PBXFileReference; lastKnownFileType = sourcecode.swift; path = BaseTabBarController.swift; sourceTree = "<group>"; };
		562E36B22AD8D845008D99B2 /* IntroViewController.swift */ = {isa = PBXFileReference; lastKnownFileType = sourcecode.swift; path = IntroViewController.swift; sourceTree = "<group>"; };
		562E36B42AD8DB57008D99B2 /* DataManager.swift */ = {isa = PBXFileReference; lastKnownFileType = sourcecode.swift; path = DataManager.swift; sourceTree = "<group>"; };
		562E36B62AD8DCAA008D99B2 /* BaseViewController.swift */ = {isa = PBXFileReference; lastKnownFileType = sourcecode.swift; path = BaseViewController.swift; sourceTree = "<group>"; };
		562E36B82AD8DCC5008D99B2 /* BaseHeaderViewController.swift */ = {isa = PBXFileReference; lastKnownFileType = sourcecode.swift; path = BaseHeaderViewController.swift; sourceTree = "<group>"; };
		562E36BA2AD8DD03008D99B2 /* CommonUtil.swift */ = {isa = PBXFileReference; lastKnownFileType = sourcecode.swift; path = CommonUtil.swift; sourceTree = "<group>"; };
		562E36BC2AD9061D008D99B2 /* CommonHeaderView.swift */ = {isa = PBXFileReference; lastKnownFileType = sourcecode.swift; path = CommonHeaderView.swift; sourceTree = "<group>"; };
		562E36BE2AD9172B008D99B2 /* CommonHeaderView.xib */ = {isa = PBXFileReference; lastKnownFileType = file.xib; path = CommonHeaderView.xib; sourceTree = "<group>"; };
		562E36C02AD91901008D99B2 /* Common.swift */ = {isa = PBXFileReference; lastKnownFileType = sourcecode.swift; path = Common.swift; sourceTree = "<group>"; };
		56C08B462ADF6B7E00FB8608 /* ChatViewController.swift */ = {isa = PBXFileReference; lastKnownFileType = sourcecode.swift; path = ChatViewController.swift; sourceTree = "<group>"; };
		56C08B4F2ADF754B00FB8608 /* UIView+.swift */ = {isa = PBXFileReference; lastKnownFileType = sourcecode.swift; path = "UIView+.swift"; sourceTree = "<group>"; };
		56C08B5D2ADF805700FB8608 /* SectionHeader.swift */ = {isa = PBXFileReference; lastKnownFileType = sourcecode.swift; path = SectionHeader.swift; sourceTree = "<group>"; };
		56C08B5E2ADF805800FB8608 /* MainPageViewModel.swift */ = {isa = PBXFileReference; lastKnownFileType = sourcecode.swift; path = MainPageViewModel.swift; sourceTree = "<group>"; };
		56C08B5F2ADF805800FB8608 /* MainPageViewController.swift */ = {isa = PBXFileReference; lastKnownFileType = sourcecode.swift; path = MainPageViewController.swift; sourceTree = "<group>"; };
		56C08B602ADF805800FB8608 /* HomeItem.swift */ = {isa = PBXFileReference; lastKnownFileType = sourcecode.swift; path = HomeItem.swift; sourceTree = "<group>"; };
		56C08B612ADF805800FB8608 /* RankSectionCell.swift */ = {isa = PBXFileReference; lastKnownFileType = sourcecode.swift; path = RankSectionCell.swift; sourceTree = "<group>"; };
		56C08B622ADF805800FB8608 /* MainPageView.swift */ = {isa = PBXFileReference; lastKnownFileType = sourcecode.swift; path = MainPageView.swift; sourceTree = "<group>"; };
		56C08B632ADF805800FB8608 /* defaultSectionCell.swift */ = {isa = PBXFileReference; lastKnownFileType = sourcecode.swift; path = defaultSectionCell.swift; sourceTree = "<group>"; };
		56C08B6C2ADF808400FB8608 /* MenuTableViewCell.swift */ = {isa = PBXFileReference; lastKnownFileType = sourcecode.swift; path = MenuTableViewCell.swift; sourceTree = "<group>"; };
		56C08B6D2ADF808400FB8608 /* MyPageViewController.swift */ = {isa = PBXFileReference; lastKnownFileType = sourcecode.swift; path = MyPageViewController.swift; sourceTree = "<group>"; };
		56C08B702ADF808B00FB8608 /* AskViewController.swift */ = {isa = PBXFileReference; lastKnownFileType = sourcecode.swift; path = AskViewController.swift; sourceTree = "<group>"; };
		56C08B722ADF809300FB8608 /* InfoViewController.swift */ = {isa = PBXFileReference; lastKnownFileType = sourcecode.swift; path = InfoViewController.swift; sourceTree = "<group>"; };
		56C08B732ADF809300FB8608 /* InfoView.swift */ = {isa = PBXFileReference; lastKnownFileType = sourcecode.swift; path = InfoView.swift; sourceTree = "<group>"; };
		56C08B762ADF809900FB8608 /* ReportViewController.swift */ = {isa = PBXFileReference; lastKnownFileType = sourcecode.swift; path = ReportViewController.swift; sourceTree = "<group>"; };
/* End PBXFileReference section */

/* Begin PBXFrameworksBuildPhase section */
		562E367A2AD80EF9008D99B2 /* Frameworks */ = {
			isa = PBXFrameworksBuildPhase;
			buildActionMask = 2147483647;
			files = (
				33C58E7B2AD84F2C008EB6C2 /* SnapKit in Frameworks */,
			);
			runOnlyForDeploymentPostprocessing = 0;
		};
		562E36902AD80EFB008D99B2 /* Frameworks */ = {
			isa = PBXFrameworksBuildPhase;
			buildActionMask = 2147483647;
			files = (
			);
			runOnlyForDeploymentPostprocessing = 0;
		};
		562E369A2AD80EFB008D99B2 /* Frameworks */ = {
			isa = PBXFrameworksBuildPhase;
			buildActionMask = 2147483647;
			files = (
			);
			runOnlyForDeploymentPostprocessing = 0;
		};
/* End PBXFrameworksBuildPhase section */

/* Begin PBXGroup section */
		33B358082ADE18B200A91C95 /* Factory */ = {
			isa = PBXGroup;
			children = (
				33B358062ADE189E00A91C95 /* ButtonFactory.swift */,
				33B358092ADE18D600A91C95 /* LabelFactory.swift */,
			);
			path = Factory;
			sourceTree = "<group>";
		};
		33C58E802AD85028008EB6C2 /* Extensions */ = {
			isa = PBXGroup;
			children = (
				33C58E8D2AD8B2F6008EB6C2 /* UIColor+.swift */,
				33C58E7E2AD85024008EB6C2 /* UIViewController+.swift */,
				33C58EA22ADC73C9008EB6C2 /* NSAttributedString+.swift */,
				56C08B4F2ADF754B00FB8608 /* UIView+.swift */,
			);
			path = Extensions;
			sourceTree = "<group>";
		};
		33C58E8A2AD8B292008EB6C2 /* Configure */ = {
			isa = PBXGroup;
			children = (
				33C58EA02ADC5392008EB6C2 /* AppConstraint.swift */,
				33C58E882AD8B28D008EB6C2 /* ThemeColor.swift */,
				33C58E8B2AD8B2B5008EB6C2 /* ThemeFont.swift */,
			);
			path = Configure;
			sourceTree = "<group>";
		};
		3B2BE3042ADE4F3900BD54CC /* LoginPage */ = {
			isa = PBXGroup;
			children = (
				3B2BE3022ADE4EEF00BD54CC /* LoginViewController.swift */,
				3B2BE3002ADE4EAE00BD54CC /* LoginView.swift */,
				3B3E35D42ADFA2F1006841D8 /* RegisterViewController.swift */,
				3B3E35D62AE125A3006841D8 /* RegisterView.swift */,
			);
			name = LoginPage;
			path = ../LoginPage;
			sourceTree = "<group>";
		};
		562E36742AD80EF9008D99B2 = {
			isa = PBXGroup;
			children = (
				562E367F2AD80EF9008D99B2 /* Catcher */,
				562E36962AD80EFB008D99B2 /* CatcherTests */,
				562E36A02AD80EFB008D99B2 /* CatcherUITests */,
				562E367E2AD80EF9008D99B2 /* Products */,
			);
			sourceTree = "<group>";
		};
		562E367E2AD80EF9008D99B2 /* Products */ = {
			isa = PBXGroup;
			children = (
				562E367D2AD80EF9008D99B2 /* Catcher.app */,
				562E36932AD80EFB008D99B2 /* CatcherTests.xctest */,
				562E369D2AD80EFB008D99B2 /* CatcherUITests.xctest */,
			);
			name = Products;
			sourceTree = "<group>";
		};
		562E367F2AD80EF9008D99B2 /* Catcher */ = {
			isa = PBXGroup;
			children = (
				562E36802AD80EF9008D99B2 /* AppDelegate.swift */,
				562E36822AD80EF9008D99B2 /* SceneDelegate.swift */,
				562E36842AD80EF9008D99B2 /* ViewController.swift */,
				562E36862AD80EF9008D99B2 /* Main.storyboard */,
				56C08B4E2ADF74FE00FB8608 /* Util */,
				56C08B4A2ADF738200FB8608 /* Scenes */,
				33C58E8A2AD8B292008EB6C2 /* Configure */,
				33B358082ADE18B200A91C95 /* Factory */,
				562E36892AD80EFA008D99B2 /* Assets.xcassets */,
				562E368B2AD80EFA008D99B2 /* LaunchScreen.storyboard */,
				562E368E2AD80EFA008D99B2 /* Info.plist */,
			);
			path = Catcher;
			sourceTree = "<group>";
		};
		562E36962AD80EFB008D99B2 /* CatcherTests */ = {
			isa = PBXGroup;
			children = (
				562E36972AD80EFB008D99B2 /* CatcherTests.swift */,
			);
			path = CatcherTests;
			sourceTree = "<group>";
		};
		562E36A02AD80EFB008D99B2 /* CatcherUITests */ = {
			isa = PBXGroup;
			children = (
				562E36A12AD80EFB008D99B2 /* CatcherUITests.swift */,
				562E36A32AD80EFB008D99B2 /* CatcherUITestsLaunchTests.swift */,
			);
			path = CatcherUITests;
			sourceTree = "<group>";
		};
		56C08B4A2ADF738200FB8608 /* Scenes */ = {
			isa = PBXGroup;
			children = (
				562E36B22AD8D845008D99B2 /* IntroViewController.swift */,
				3B2BE3042ADE4F3900BD54CC /* LoginPage */,
				56C08B4B2ADF73C300FB8608 /* Base */,
				56C08B4C2ADF73D100FB8608 /* TabBar */,
				56C08B462ADF6B7E00FB8608 /* ChatViewController.swift */,
			);
			path = Scenes;
			sourceTree = "<group>";
		};
		56C08B4B2ADF73C300FB8608 /* Base */ = {
			isa = PBXGroup;
			children = (
				56C08B4D2ADF747800FB8608 /* CommonHeaderView */,
				562E36B82AD8DCC5008D99B2 /* BaseHeaderViewController.swift */,
				562E36B02AD8D0EE008D99B2 /* BaseTabBarController.swift */,
				562E36B62AD8DCAA008D99B2 /* BaseViewController.swift */,
			);
			path = Base;
			sourceTree = "<group>";
		};
		56C08B4C2ADF73D100FB8608 /* TabBar */ = {
			isa = PBXGroup;
			children = (
				56C08B6B2ADF806900FB8608 /* MainPage */,
				56C08B782ADF80AC00FB8608 /* MyPage */,
			);
			path = TabBar;
			sourceTree = "<group>";
		};
		56C08B4D2ADF747800FB8608 /* CommonHeaderView */ = {
			isa = PBXGroup;
			children = (
				562E36BC2AD9061D008D99B2 /* CommonHeaderView.swift */,
				562E36BE2AD9172B008D99B2 /* CommonHeaderView.xib */,
			);
			path = CommonHeaderView;
			sourceTree = "<group>";
		};
		56C08B4E2ADF74FE00FB8608 /* Util */ = {
			isa = PBXGroup;
			children = (
				562E36BA2AD8DD03008D99B2 /* CommonUtil.swift */,
				562E36C02AD91901008D99B2 /* Common.swift */,
				562E36B42AD8DB57008D99B2 /* DataManager.swift */,
				33C58E802AD85028008EB6C2 /* Extensions */,
			);
			path = Util;
			sourceTree = "<group>";
		};
		56C08B6B2ADF806900FB8608 /* MainPage */ = {
			isa = PBXGroup;
			children = (
				56C08B632ADF805800FB8608 /* defaultSectionCell.swift */,
				56C08B602ADF805800FB8608 /* HomeItem.swift */,
				56C08B622ADF805800FB8608 /* MainPageView.swift */,
				56C08B5F2ADF805800FB8608 /* MainPageViewController.swift */,
				56C08B5E2ADF805800FB8608 /* MainPageViewModel.swift */,
				56C08B612ADF805800FB8608 /* RankSectionCell.swift */,
				56C08B5D2ADF805700FB8608 /* SectionHeader.swift */,
			);
			path = MainPage;
			sourceTree = "<group>";
		};
		56C08B782ADF80AC00FB8608 /* MyPage */ = {
			isa = PBXGroup;
			children = (
				56C08B6C2ADF808400FB8608 /* MenuTableViewCell.swift */,
				56C08B6D2ADF808400FB8608 /* MyPageViewController.swift */,
				56C08B792ADF80BD00FB8608 /* AskPage */,
				56C08B7A2ADF80C400FB8608 /* InfoPage */,
				56C08B7B2ADF80CC00FB8608 /* ReportPage */,
			);
			path = MyPage;
			sourceTree = "<group>";
		};
		56C08B792ADF80BD00FB8608 /* AskPage */ = {
			isa = PBXGroup;
			children = (
				56C08B702ADF808B00FB8608 /* AskViewController.swift */,
			);
			path = AskPage;
			sourceTree = "<group>";
		};
		56C08B7A2ADF80C400FB8608 /* InfoPage */ = {
			isa = PBXGroup;
			children = (
				56C08B732ADF809300FB8608 /* InfoView.swift */,
				56C08B722ADF809300FB8608 /* InfoViewController.swift */,
			);
			path = InfoPage;
			sourceTree = "<group>";
		};
		56C08B7B2ADF80CC00FB8608 /* ReportPage */ = {
			isa = PBXGroup;
			children = (
				56C08B762ADF809900FB8608 /* ReportViewController.swift */,
			);
			path = ReportPage;
			sourceTree = "<group>";
		};
/* End PBXGroup section */

/* Begin PBXNativeTarget section */
		562E367C2AD80EF9008D99B2 /* Catcher */ = {
			isa = PBXNativeTarget;
			buildConfigurationList = 562E36A72AD80EFB008D99B2 /* Build configuration list for PBXNativeTarget "Catcher" */;
			buildPhases = (
				562E36792AD80EF9008D99B2 /* Sources */,
				562E367A2AD80EF9008D99B2 /* Frameworks */,
				562E367B2AD80EF9008D99B2 /* Resources */,
			);
			buildRules = (
			);
			dependencies = (
			);
			name = Catcher;
			packageProductDependencies = (
				33C58E7A2AD84F2C008EB6C2 /* SnapKit */,
			);
			productName = Catcher;
			productReference = 562E367D2AD80EF9008D99B2 /* Catcher.app */;
			productType = "com.apple.product-type.application";
		};
		562E36922AD80EFB008D99B2 /* CatcherTests */ = {
			isa = PBXNativeTarget;
			buildConfigurationList = 562E36AA2AD80EFB008D99B2 /* Build configuration list for PBXNativeTarget "CatcherTests" */;
			buildPhases = (
				562E368F2AD80EFB008D99B2 /* Sources */,
				562E36902AD80EFB008D99B2 /* Frameworks */,
				562E36912AD80EFB008D99B2 /* Resources */,
			);
			buildRules = (
			);
			dependencies = (
				562E36952AD80EFB008D99B2 /* PBXTargetDependency */,
			);
			name = CatcherTests;
			productName = CatcherTests;
			productReference = 562E36932AD80EFB008D99B2 /* CatcherTests.xctest */;
			productType = "com.apple.product-type.bundle.unit-test";
		};
		562E369C2AD80EFB008D99B2 /* CatcherUITests */ = {
			isa = PBXNativeTarget;
			buildConfigurationList = 562E36AD2AD80EFB008D99B2 /* Build configuration list for PBXNativeTarget "CatcherUITests" */;
			buildPhases = (
				562E36992AD80EFB008D99B2 /* Sources */,
				562E369A2AD80EFB008D99B2 /* Frameworks */,
				562E369B2AD80EFB008D99B2 /* Resources */,
			);
			buildRules = (
			);
			dependencies = (
				562E369F2AD80EFB008D99B2 /* PBXTargetDependency */,
			);
			name = CatcherUITests;
			productName = CatcherUITests;
			productReference = 562E369D2AD80EFB008D99B2 /* CatcherUITests.xctest */;
			productType = "com.apple.product-type.bundle.ui-testing";
		};
/* End PBXNativeTarget section */

/* Begin PBXProject section */
		562E36752AD80EF9008D99B2 /* Project object */ = {
			isa = PBXProject;
			attributes = {
				BuildIndependentTargetsInParallel = 1;
				LastSwiftUpdateCheck = 1430;
				LastUpgradeCheck = 1430;
				TargetAttributes = {
					562E367C2AD80EF9008D99B2 = {
						CreatedOnToolsVersion = 14.3;
					};
					562E36922AD80EFB008D99B2 = {
						CreatedOnToolsVersion = 14.3;
						TestTargetID = 562E367C2AD80EF9008D99B2;
					};
					562E369C2AD80EFB008D99B2 = {
						CreatedOnToolsVersion = 14.3;
						TestTargetID = 562E367C2AD80EF9008D99B2;
					};
				};
			};
			buildConfigurationList = 562E36782AD80EF9008D99B2 /* Build configuration list for PBXProject "Catcher" */;
			compatibilityVersion = "Xcode 14.0";
			developmentRegion = en;
			hasScannedForEncodings = 0;
			knownRegions = (
				en,
				Base,
			);
			mainGroup = 562E36742AD80EF9008D99B2;
			packageReferences = (
				33C58E792AD84F2C008EB6C2 /* XCRemoteSwiftPackageReference "SnapKit" */,
			);
			productRefGroup = 562E367E2AD80EF9008D99B2 /* Products */;
			projectDirPath = "";
			projectRoot = "";
			targets = (
				562E367C2AD80EF9008D99B2 /* Catcher */,
				562E36922AD80EFB008D99B2 /* CatcherTests */,
				562E369C2AD80EFB008D99B2 /* CatcherUITests */,
			);
		};
/* End PBXProject section */

/* Begin PBXResourcesBuildPhase section */
		562E367B2AD80EF9008D99B2 /* Resources */ = {
			isa = PBXResourcesBuildPhase;
			buildActionMask = 2147483647;
			files = (
				562E368D2AD80EFA008D99B2 /* LaunchScreen.storyboard in Resources */,
				562E368A2AD80EFA008D99B2 /* Assets.xcassets in Resources */,
				562E36BF2AD9172B008D99B2 /* CommonHeaderView.xib in Resources */,
				562E36882AD80EF9008D99B2 /* Main.storyboard in Resources */,
			);
			runOnlyForDeploymentPostprocessing = 0;
		};
		562E36912AD80EFB008D99B2 /* Resources */ = {
			isa = PBXResourcesBuildPhase;
			buildActionMask = 2147483647;
			files = (
			);
			runOnlyForDeploymentPostprocessing = 0;
		};
		562E369B2AD80EFB008D99B2 /* Resources */ = {
			isa = PBXResourcesBuildPhase;
			buildActionMask = 2147483647;
			files = (
			);
			runOnlyForDeploymentPostprocessing = 0;
		};
/* End PBXResourcesBuildPhase section */

/* Begin PBXSourcesBuildPhase section */
		562E36792AD80EF9008D99B2 /* Sources */ = {
			isa = PBXSourcesBuildPhase;
			buildActionMask = 2147483647;
			files = (
				562E36B32AD8D845008D99B2 /* IntroViewController.swift in Sources */,
				3B3E35D52ADFA2F1006841D8 /* RegisterViewController.swift in Sources */,
				56C08B692ADF805800FB8608 /* HomeItem.swift in Sources */,
				562E36B52AD8DB57008D99B2 /* DataManager.swift in Sources */,
				562E36852AD80EF9008D99B2 /* ViewController.swift in Sources */,
				56C08B712ADF808B00FB8608 /* AskViewController.swift in Sources */,
				33C58E8C2AD8B2B5008EB6C2 /* ThemeFont.swift in Sources */,
				33B358072ADE189E00A91C95 /* ButtonFactory.swift in Sources */,
				56C08B662ADF805800FB8608 /* SectionHeader.swift in Sources */,
				562E36812AD80EF9008D99B2 /* AppDelegate.swift in Sources */,
				562E36C12AD91901008D99B2 /* Common.swift in Sources */,
				562E36B92AD8DCC5008D99B2 /* BaseHeaderViewController.swift in Sources */,
				56C08B6E2ADF808400FB8608 /* MenuTableViewCell.swift in Sources */,
				56C08B672ADF805800FB8608 /* RankSectionCell.swift in Sources */,
				56C08B742ADF809300FB8608 /* InfoView.swift in Sources */,
				3B3E35D72AE125A3006841D8 /* RegisterView.swift in Sources */,
				562E36BB2AD8DD03008D99B2 /* CommonUtil.swift in Sources */,
				562E36832AD80EF9008D99B2 /* SceneDelegate.swift in Sources */,
				562E36B72AD8DCAA008D99B2 /* BaseViewController.swift in Sources */,
				562E36BD2AD9061D008D99B2 /* CommonHeaderView.swift in Sources */,
				562E36B12AD8D0EE008D99B2 /* BaseTabBarController.swift in Sources */,
				56C08B772ADF809900FB8608 /* ReportViewController.swift in Sources */,
				33C58EA32ADC73C9008EB6C2 /* NSAttributedString+.swift in Sources */,
				33C58E7F2AD85024008EB6C2 /* UIViewController+.swift in Sources */,
				3B2BE3032ADE4EEF00BD54CC /* LoginViewController.swift in Sources */,
				56C08B752ADF809300FB8608 /* InfoViewController.swift in Sources */,
				33C58E892AD8B28D008EB6C2 /* ThemeColor.swift in Sources */,
				56C08B502ADF754B00FB8608 /* UIView+.swift in Sources */,
				33B3580A2ADE18D600A91C95 /* LabelFactory.swift in Sources */,
				56C08B6A2ADF805800FB8608 /* MainPageViewModel.swift in Sources */,
				33C58EA12ADC5392008EB6C2 /* AppConstraint.swift in Sources */,
				56C08B652ADF805800FB8608 /* MainPageViewController.swift in Sources */,
				3B2BE3012ADE4EAE00BD54CC /* LoginView.swift in Sources */,
				56C08B682ADF805800FB8608 /* defaultSectionCell.swift in Sources */,
				56C08B6F2ADF808400FB8608 /* MyPageViewController.swift in Sources */,
				562E36832AD80EF9008D99B2 /* SceneDelegate.swift in Sources */,
				56C08B642ADF805800FB8608 /* MainPageView.swift in Sources */,
				56C08B472ADF6B7E00FB8608 /* ChatViewController.swift in Sources */,
				33C58E8E2AD8B2F6008EB6C2 /* UIColor+.swift in Sources */,
			);
			runOnlyForDeploymentPostprocessing = 0;
		};
		562E368F2AD80EFB008D99B2 /* Sources */ = {
			isa = PBXSourcesBuildPhase;
			buildActionMask = 2147483647;
			files = (
				562E36982AD80EFB008D99B2 /* CatcherTests.swift in Sources */,
			);
			runOnlyForDeploymentPostprocessing = 0;
		};
		562E36992AD80EFB008D99B2 /* Sources */ = {
			isa = PBXSourcesBuildPhase;
			buildActionMask = 2147483647;
			files = (
				562E36A22AD80EFB008D99B2 /* CatcherUITests.swift in Sources */,
				562E36A42AD80EFB008D99B2 /* CatcherUITestsLaunchTests.swift in Sources */,
			);
			runOnlyForDeploymentPostprocessing = 0;
		};
/* End PBXSourcesBuildPhase section */

/* Begin PBXTargetDependency section */
		562E36952AD80EFB008D99B2 /* PBXTargetDependency */ = {
			isa = PBXTargetDependency;
			target = 562E367C2AD80EF9008D99B2 /* Catcher */;
			targetProxy = 562E36942AD80EFB008D99B2 /* PBXContainerItemProxy */;
		};
		562E369F2AD80EFB008D99B2 /* PBXTargetDependency */ = {
			isa = PBXTargetDependency;
			target = 562E367C2AD80EF9008D99B2 /* Catcher */;
			targetProxy = 562E369E2AD80EFB008D99B2 /* PBXContainerItemProxy */;
		};
/* End PBXTargetDependency section */

/* Begin PBXVariantGroup section */
		562E36862AD80EF9008D99B2 /* Main.storyboard */ = {
			isa = PBXVariantGroup;
			children = (
				562E36872AD80EF9008D99B2 /* Base */,
			);
			name = Main.storyboard;
			sourceTree = "<group>";
		};
		562E368B2AD80EFA008D99B2 /* LaunchScreen.storyboard */ = {
			isa = PBXVariantGroup;
			children = (
				562E368C2AD80EFA008D99B2 /* Base */,
			);
			name = LaunchScreen.storyboard;
			sourceTree = "<group>";
		};
/* End PBXVariantGroup section */

/* Begin XCBuildConfiguration section */
		562E36A52AD80EFB008D99B2 /* Debug */ = {
			isa = XCBuildConfiguration;
			buildSettings = {
				ALWAYS_SEARCH_USER_PATHS = NO;
				CLANG_ANALYZER_NONNULL = YES;
				CLANG_ANALYZER_NUMBER_OBJECT_CONVERSION = YES_AGGRESSIVE;
				CLANG_CXX_LANGUAGE_STANDARD = "gnu++20";
				CLANG_ENABLE_MODULES = YES;
				CLANG_ENABLE_OBJC_ARC = YES;
				CLANG_ENABLE_OBJC_WEAK = YES;
				CLANG_WARN_BLOCK_CAPTURE_AUTORELEASING = YES;
				CLANG_WARN_BOOL_CONVERSION = YES;
				CLANG_WARN_COMMA = YES;
				CLANG_WARN_CONSTANT_CONVERSION = YES;
				CLANG_WARN_DEPRECATED_OBJC_IMPLEMENTATIONS = YES;
				CLANG_WARN_DIRECT_OBJC_ISA_USAGE = YES_ERROR;
				CLANG_WARN_DOCUMENTATION_COMMENTS = YES;
				CLANG_WARN_EMPTY_BODY = YES;
				CLANG_WARN_ENUM_CONVERSION = YES;
				CLANG_WARN_INFINITE_RECURSION = YES;
				CLANG_WARN_INT_CONVERSION = YES;
				CLANG_WARN_NON_LITERAL_NULL_CONVERSION = YES;
				CLANG_WARN_OBJC_IMPLICIT_RETAIN_SELF = YES;
				CLANG_WARN_OBJC_LITERAL_CONVERSION = YES;
				CLANG_WARN_OBJC_ROOT_CLASS = YES_ERROR;
				CLANG_WARN_QUOTED_INCLUDE_IN_FRAMEWORK_HEADER = YES;
				CLANG_WARN_RANGE_LOOP_ANALYSIS = YES;
				CLANG_WARN_STRICT_PROTOTYPES = YES;
				CLANG_WARN_SUSPICIOUS_MOVE = YES;
				CLANG_WARN_UNGUARDED_AVAILABILITY = YES_AGGRESSIVE;
				CLANG_WARN_UNREACHABLE_CODE = YES;
				CLANG_WARN__DUPLICATE_METHOD_MATCH = YES;
				COPY_PHASE_STRIP = NO;
				DEBUG_INFORMATION_FORMAT = dwarf;
				ENABLE_STRICT_OBJC_MSGSEND = YES;
				ENABLE_TESTABILITY = YES;
				GCC_C_LANGUAGE_STANDARD = gnu11;
				GCC_DYNAMIC_NO_PIC = NO;
				GCC_NO_COMMON_BLOCKS = YES;
				GCC_OPTIMIZATION_LEVEL = 0;
				GCC_PREPROCESSOR_DEFINITIONS = (
					"DEBUG=1",
					"$(inherited)",
				);
				GCC_WARN_64_TO_32_BIT_CONVERSION = YES;
				GCC_WARN_ABOUT_RETURN_TYPE = YES_ERROR;
				GCC_WARN_UNDECLARED_SELECTOR = YES;
				GCC_WARN_UNINITIALIZED_AUTOS = YES_AGGRESSIVE;
				GCC_WARN_UNUSED_FUNCTION = YES;
				GCC_WARN_UNUSED_VARIABLE = YES;
				IPHONEOS_DEPLOYMENT_TARGET = 14.0;
				MTL_ENABLE_DEBUG_INFO = INCLUDE_SOURCE;
				MTL_FAST_MATH = YES;
				ONLY_ACTIVE_ARCH = YES;
				SDKROOT = iphoneos;
				SWIFT_ACTIVE_COMPILATION_CONDITIONS = DEBUG;
				SWIFT_OPTIMIZATION_LEVEL = "-Onone";
			};
			name = Debug;
		};
		562E36A62AD80EFB008D99B2 /* Release */ = {
			isa = XCBuildConfiguration;
			buildSettings = {
				ALWAYS_SEARCH_USER_PATHS = NO;
				CLANG_ANALYZER_NONNULL = YES;
				CLANG_ANALYZER_NUMBER_OBJECT_CONVERSION = YES_AGGRESSIVE;
				CLANG_CXX_LANGUAGE_STANDARD = "gnu++20";
				CLANG_ENABLE_MODULES = YES;
				CLANG_ENABLE_OBJC_ARC = YES;
				CLANG_ENABLE_OBJC_WEAK = YES;
				CLANG_WARN_BLOCK_CAPTURE_AUTORELEASING = YES;
				CLANG_WARN_BOOL_CONVERSION = YES;
				CLANG_WARN_COMMA = YES;
				CLANG_WARN_CONSTANT_CONVERSION = YES;
				CLANG_WARN_DEPRECATED_OBJC_IMPLEMENTATIONS = YES;
				CLANG_WARN_DIRECT_OBJC_ISA_USAGE = YES_ERROR;
				CLANG_WARN_DOCUMENTATION_COMMENTS = YES;
				CLANG_WARN_EMPTY_BODY = YES;
				CLANG_WARN_ENUM_CONVERSION = YES;
				CLANG_WARN_INFINITE_RECURSION = YES;
				CLANG_WARN_INT_CONVERSION = YES;
				CLANG_WARN_NON_LITERAL_NULL_CONVERSION = YES;
				CLANG_WARN_OBJC_IMPLICIT_RETAIN_SELF = YES;
				CLANG_WARN_OBJC_LITERAL_CONVERSION = YES;
				CLANG_WARN_OBJC_ROOT_CLASS = YES_ERROR;
				CLANG_WARN_QUOTED_INCLUDE_IN_FRAMEWORK_HEADER = YES;
				CLANG_WARN_RANGE_LOOP_ANALYSIS = YES;
				CLANG_WARN_STRICT_PROTOTYPES = YES;
				CLANG_WARN_SUSPICIOUS_MOVE = YES;
				CLANG_WARN_UNGUARDED_AVAILABILITY = YES_AGGRESSIVE;
				CLANG_WARN_UNREACHABLE_CODE = YES;
				CLANG_WARN__DUPLICATE_METHOD_MATCH = YES;
				COPY_PHASE_STRIP = NO;
				DEBUG_INFORMATION_FORMAT = "dwarf-with-dsym";
				ENABLE_NS_ASSERTIONS = NO;
				ENABLE_STRICT_OBJC_MSGSEND = YES;
				GCC_C_LANGUAGE_STANDARD = gnu11;
				GCC_NO_COMMON_BLOCKS = YES;
				GCC_WARN_64_TO_32_BIT_CONVERSION = YES;
				GCC_WARN_ABOUT_RETURN_TYPE = YES_ERROR;
				GCC_WARN_UNDECLARED_SELECTOR = YES;
				GCC_WARN_UNINITIALIZED_AUTOS = YES_AGGRESSIVE;
				GCC_WARN_UNUSED_FUNCTION = YES;
				GCC_WARN_UNUSED_VARIABLE = YES;
				IPHONEOS_DEPLOYMENT_TARGET = 14.0;
				MTL_ENABLE_DEBUG_INFO = NO;
				MTL_FAST_MATH = YES;
				SDKROOT = iphoneos;
				SWIFT_COMPILATION_MODE = wholemodule;
				SWIFT_OPTIMIZATION_LEVEL = "-O";
				VALIDATE_PRODUCT = YES;
			};
			name = Release;
		};
		562E36A82AD80EFB008D99B2 /* Debug */ = {
			isa = XCBuildConfiguration;
			buildSettings = {
				ASSETCATALOG_COMPILER_APPICON_NAME = AppIcon;
				ASSETCATALOG_COMPILER_GLOBAL_ACCENT_COLOR_NAME = AccentColor;
				CODE_SIGN_STYLE = Automatic;
				CURRENT_PROJECT_VERSION = 1;
				DEVELOPMENT_TEAM = YRZW7MZ3P5;
				GENERATE_INFOPLIST_FILE = YES;
				INFOPLIST_FILE = Catcher/Info.plist;
				INFOPLIST_KEY_UIApplicationSupportsIndirectInputEvents = YES;
				INFOPLIST_KEY_UILaunchStoryboardName = LaunchScreen;
				INFOPLIST_KEY_UIMainStoryboardFile = Main;
				INFOPLIST_KEY_UISupportedInterfaceOrientations_iPad = "UIInterfaceOrientationPortrait UIInterfaceOrientationPortraitUpsideDown UIInterfaceOrientationLandscapeLeft UIInterfaceOrientationLandscapeRight";
				INFOPLIST_KEY_UISupportedInterfaceOrientations_iPhone = "UIInterfaceOrientationPortrait UIInterfaceOrientationLandscapeLeft UIInterfaceOrientationLandscapeRight";
				LD_RUNPATH_SEARCH_PATHS = (
					"$(inherited)",
					"@executable_path/Frameworks",
				);
				MARKETING_VERSION = 1.0;
				PRODUCT_BUNDLE_IDENTIFIER = com.jingni.Catcher;
				PRODUCT_NAME = "$(TARGET_NAME)";
				SWIFT_EMIT_LOC_STRINGS = YES;
				SWIFT_VERSION = 5.0;
				TARGETED_DEVICE_FAMILY = "1,2";
			};
			name = Debug;
		};
		562E36A92AD80EFB008D99B2 /* Release */ = {
			isa = XCBuildConfiguration;
			buildSettings = {
				ASSETCATALOG_COMPILER_APPICON_NAME = AppIcon;
				ASSETCATALOG_COMPILER_GLOBAL_ACCENT_COLOR_NAME = AccentColor;
				CODE_SIGN_STYLE = Automatic;
				CURRENT_PROJECT_VERSION = 1;
				DEVELOPMENT_TEAM = YRZW7MZ3P5;
				GENERATE_INFOPLIST_FILE = YES;
				INFOPLIST_FILE = Catcher/Info.plist;
				INFOPLIST_KEY_UIApplicationSupportsIndirectInputEvents = YES;
				INFOPLIST_KEY_UILaunchStoryboardName = LaunchScreen;
				INFOPLIST_KEY_UIMainStoryboardFile = Main;
				INFOPLIST_KEY_UISupportedInterfaceOrientations_iPad = "UIInterfaceOrientationPortrait UIInterfaceOrientationPortraitUpsideDown UIInterfaceOrientationLandscapeLeft UIInterfaceOrientationLandscapeRight";
				INFOPLIST_KEY_UISupportedInterfaceOrientations_iPhone = "UIInterfaceOrientationPortrait UIInterfaceOrientationLandscapeLeft UIInterfaceOrientationLandscapeRight";
				LD_RUNPATH_SEARCH_PATHS = (
					"$(inherited)",
					"@executable_path/Frameworks",
				);
				MARKETING_VERSION = 1.0;
				PRODUCT_BUNDLE_IDENTIFIER = com.jingni.Catcher;
				PRODUCT_NAME = "$(TARGET_NAME)";
				SWIFT_EMIT_LOC_STRINGS = YES;
				SWIFT_VERSION = 5.0;
				TARGETED_DEVICE_FAMILY = "1,2";
			};
			name = Release;
		};
		562E36AB2AD80EFB008D99B2 /* Debug */ = {
			isa = XCBuildConfiguration;
			buildSettings = {
				ALWAYS_EMBED_SWIFT_STANDARD_LIBRARIES = YES;
				BUNDLE_LOADER = "$(TEST_HOST)";
				CODE_SIGN_STYLE = Automatic;
				CURRENT_PROJECT_VERSION = 1;
				DEVELOPMENT_TEAM = YRZW7MZ3P5;
				GENERATE_INFOPLIST_FILE = YES;
				IPHONEOS_DEPLOYMENT_TARGET = 16.4;
				MARKETING_VERSION = 1.0;
				PRODUCT_BUNDLE_IDENTIFIER = com.jingni.CatcherTests;
				PRODUCT_NAME = "$(TARGET_NAME)";
				SWIFT_EMIT_LOC_STRINGS = NO;
				SWIFT_VERSION = 5.0;
				TARGETED_DEVICE_FAMILY = "1,2";
				TEST_HOST = "$(BUILT_PRODUCTS_DIR)/Catcher.app/$(BUNDLE_EXECUTABLE_FOLDER_PATH)/Catcher";
			};
			name = Debug;
		};
		562E36AC2AD80EFB008D99B2 /* Release */ = {
			isa = XCBuildConfiguration;
			buildSettings = {
				ALWAYS_EMBED_SWIFT_STANDARD_LIBRARIES = YES;
				BUNDLE_LOADER = "$(TEST_HOST)";
				CODE_SIGN_STYLE = Automatic;
				CURRENT_PROJECT_VERSION = 1;
				DEVELOPMENT_TEAM = YRZW7MZ3P5;
				GENERATE_INFOPLIST_FILE = YES;
				IPHONEOS_DEPLOYMENT_TARGET = 16.4;
				MARKETING_VERSION = 1.0;
				PRODUCT_BUNDLE_IDENTIFIER = com.jingni.CatcherTests;
				PRODUCT_NAME = "$(TARGET_NAME)";
				SWIFT_EMIT_LOC_STRINGS = NO;
				SWIFT_VERSION = 5.0;
				TARGETED_DEVICE_FAMILY = "1,2";
				TEST_HOST = "$(BUILT_PRODUCTS_DIR)/Catcher.app/$(BUNDLE_EXECUTABLE_FOLDER_PATH)/Catcher";
			};
			name = Release;
		};
		562E36AE2AD80EFB008D99B2 /* Debug */ = {
			isa = XCBuildConfiguration;
			buildSettings = {
				ALWAYS_EMBED_SWIFT_STANDARD_LIBRARIES = YES;
				CODE_SIGN_STYLE = Automatic;
				CURRENT_PROJECT_VERSION = 1;
				DEVELOPMENT_TEAM = YRZW7MZ3P5;
				GENERATE_INFOPLIST_FILE = YES;
				MARKETING_VERSION = 1.0;
				PRODUCT_BUNDLE_IDENTIFIER = com.jingni.CatcherUITests;
				PRODUCT_NAME = "$(TARGET_NAME)";
				SWIFT_EMIT_LOC_STRINGS = NO;
				SWIFT_VERSION = 5.0;
				TARGETED_DEVICE_FAMILY = "1,2";
				TEST_TARGET_NAME = Catcher;
			};
			name = Debug;
		};
		562E36AF2AD80EFB008D99B2 /* Release */ = {
			isa = XCBuildConfiguration;
			buildSettings = {
				ALWAYS_EMBED_SWIFT_STANDARD_LIBRARIES = YES;
				CODE_SIGN_STYLE = Automatic;
				CURRENT_PROJECT_VERSION = 1;
				DEVELOPMENT_TEAM = YRZW7MZ3P5;
				GENERATE_INFOPLIST_FILE = YES;
				MARKETING_VERSION = 1.0;
				PRODUCT_BUNDLE_IDENTIFIER = com.jingni.CatcherUITests;
				PRODUCT_NAME = "$(TARGET_NAME)";
				SWIFT_EMIT_LOC_STRINGS = NO;
				SWIFT_VERSION = 5.0;
				TARGETED_DEVICE_FAMILY = "1,2";
				TEST_TARGET_NAME = Catcher;
			};
			name = Release;
		};
/* End XCBuildConfiguration section */

/* Begin XCConfigurationList section */
		562E36782AD80EF9008D99B2 /* Build configuration list for PBXProject "Catcher" */ = {
			isa = XCConfigurationList;
			buildConfigurations = (
				562E36A52AD80EFB008D99B2 /* Debug */,
				562E36A62AD80EFB008D99B2 /* Release */,
			);
			defaultConfigurationIsVisible = 0;
			defaultConfigurationName = Release;
		};
		562E36A72AD80EFB008D99B2 /* Build configuration list for PBXNativeTarget "Catcher" */ = {
			isa = XCConfigurationList;
			buildConfigurations = (
				562E36A82AD80EFB008D99B2 /* Debug */,
				562E36A92AD80EFB008D99B2 /* Release */,
			);
			defaultConfigurationIsVisible = 0;
			defaultConfigurationName = Release;
		};
		562E36AA2AD80EFB008D99B2 /* Build configuration list for PBXNativeTarget "CatcherTests" */ = {
			isa = XCConfigurationList;
			buildConfigurations = (
				562E36AB2AD80EFB008D99B2 /* Debug */,
				562E36AC2AD80EFB008D99B2 /* Release */,
			);
			defaultConfigurationIsVisible = 0;
			defaultConfigurationName = Release;
		};
		562E36AD2AD80EFB008D99B2 /* Build configuration list for PBXNativeTarget "CatcherUITests" */ = {
			isa = XCConfigurationList;
			buildConfigurations = (
				562E36AE2AD80EFB008D99B2 /* Debug */,
				562E36AF2AD80EFB008D99B2 /* Release */,
			);
			defaultConfigurationIsVisible = 0;
			defaultConfigurationName = Release;
		};
/* End XCConfigurationList section */

/* Begin XCRemoteSwiftPackageReference section */
		33C58E792AD84F2C008EB6C2 /* XCRemoteSwiftPackageReference "SnapKit" */ = {
			isa = XCRemoteSwiftPackageReference;
			repositoryURL = "https://github.com/SnapKit/SnapKit";
			requirement = {
				kind = upToNextMajorVersion;
				minimumVersion = 5.6.0;
			};
		};
/* End XCRemoteSwiftPackageReference section */

/* Begin XCSwiftPackageProductDependency section */
		33C58E7A2AD84F2C008EB6C2 /* SnapKit */ = {
			isa = XCSwiftPackageProductDependency;
			package = 33C58E792AD84F2C008EB6C2 /* XCRemoteSwiftPackageReference "SnapKit" */;
			productName = SnapKit;
		};
/* End XCSwiftPackageProductDependency section */
	};
	rootObject = 562E36752AD80EF9008D99B2 /* Project object */;
}
